
Microsoft Visual Studio Solution File, Format Version 12.00
# Visual Studio 2012
Project("{FAE04EC0-301F-11D3-BF4B-00C04F79EFBC}") = "Nesnelerin Kullanımı", "Nesnelerin Kullanımı\Nesnelerin Kullanımı.csproj", "{AF480A32-1CAA-4612-8874-EA4A193020DC}"
EndProject
Global
	GlobalSection(SolutionConfigurationPlatforms) = preSolution
		Debug|Any CPU = Debug|Any CPU
		Release|Any CPU = Release|Any CPU
	EndGlobalSection
	GlobalSection(ProjectConfigurationPlatforms) = postSolution
		{AF480A32-1CAA-4612-8874-EA4A193020DC}.Debug|Any CPU.ActiveCfg = Debug|Any CPU
		{AF480A32-1CAA-4612-8874-EA4A193020DC}.Debug|Any CPU.Build.0 = Debug|Any CPU
		{AF480A32-1CAA-4612-8874-EA4A193020DC}.Release|Any CPU.ActiveCfg = Release|Any CPU
		{AF480A32-1CAA-4612-8874-EA4A193020DC}.Release|Any CPU.Build.0 = Release|Any CPU
	EndGlobalSection
	GlobalSection(SolutionProperties) = preSolution
		HideSolutionNode = FALSE
	EndGlobalSection
EndGlobal
